Microsoft Visual Studio Solution File, Format Version 12.00
# Visual Studio Version 17
VisualStudioVersion = 17.5.2.0
MinimumVisualStudioVersion = 10.0.40219.1
Project("{FAE04EC0-301F-11D3-BF4B-00C04F79EFBC}") = "Oficina.API", "Oficina.API.csproj", "{AC9E8253-1238-D7EC-B5B1-2A0F90AB1ECC}"
EndProject
Global
	GlobalSection(SolutionConfigurationPlatforms) = preSolution
		Debug|Any CPU = Debug|Any CPU
		Release|Any CPU = Release|Any CPU
	EndGlobalSection
	GlobalSection(ProjectConfigurationPlatforms) = postSolution
		{AC9E8253-1238-D7EC-B5B1-2A0F90AB1ECC}.Debug|Any CPU.ActiveCfg = Debug|Any CPU
		{AC9E8253-1238-D7EC-B5B1-2A0F90AB1ECC}.Debug|Any CPU.Build.0 = Debug|Any CPU
		{AC9E8253-1238-D7EC-B5B1-2A0F90AB1ECC}.Release|Any CPU.ActiveCfg = Release|Any CPU
		{AC9E8253-1238-D7EC-B5B1-2A0F90AB1ECC}.Release|Any CPU.Build.0 = Release|Any CPU
	EndGlobalSection
	GlobalSection(SolutionProperties) = preSolution
		HideSolutionNode = FALSE
	EndGlobalSection
	GlobalSection(ExtensibilityGlobals) = postSolution
		SolutionGuid = {274A4A0C-7936-4270-8943-4A9A9B4FA415}
	EndGlobalSection
EndGlobal
